// !$*UTF8*$!
{
	archiveVersion = 1;
	classes = {
	};
	objectVersion = 50;
	objects = {

/* Begin PBXBuildFile section */
		E07F1BA5237DFEC900F07330 /* AppDelegate.swift in Sources */ = {isa = PBXBuildFile; fileRef = E07F1BA4237DFEC900F07330 /* AppDelegate.swift */; };
		E07F1BA7237DFEC900F07330 /* SceneDelegate.swift in Sources */ = {isa = PBXBuildFile; fileRef = E07F1BA6237DFEC900F07330 /* SceneDelegate.swift */; };
		E07F1BAC237DFEC900F07330 /* Main.storyboard in Resources */ = {isa = PBXBuildFile; fileRef = E07F1BAA237DFEC900F07330 /* Main.storyboard */; };
		E07F1BAE237DFECC00F07330 /* Assets.xcassets in Resources */ = {isa = PBXBuildFile; fileRef = E07F1BAD237DFECC00F07330 /* Assets.xcassets */; };
		E07F1BB1237DFECC00F07330 /* LaunchScreen.storyboard in Resources */ = {isa = PBXBuildFile; fileRef = E07F1BAF237DFECC00F07330 /* LaunchScreen.storyboard */; };
		E08B72A22380CA6800C78634 /* ContactUsViewController.swift in Sources */ = {isa = PBXBuildFile; fileRef = E08B72A12380CA6800C78634 /* ContactUsViewController.swift */; };
		E08B72A42380CA9400C78634 /* AboutUsViewController.swift in Sources */ = {isa = PBXBuildFile; fileRef = E08B72A32380CA9400C78634 /* AboutUsViewController.swift */; };
		E08B72A62380D0F900C78634 /* aboutUs.html in Resources */ = {isa = PBXBuildFile; fileRef = E08B72A52380D0F900C78634 /* aboutUs.html */; };
		E08B72AA2380E44900C78634 /* Extension_Date.swift in Sources */ = {isa = PBXBuildFile; fileRef = E08B72A92380E44900C78634 /* Extension_Date.swift */; };
		E0F11066237E3D5400B822BB /* LoginViewController.swift in Sources */ = {isa = PBXBuildFile; fileRef = E0F11065237E3D5400B822BB /* LoginViewController.swift */; };
		E0F11072237E3D8B00B822BB /* Users.plist in Resources */ = {isa = PBXBuildFile; fileRef = E0F11067237E3D8A00B822BB /* Users.plist */; };
		E0F11073237E3D8B00B822BB /* AddEmployeeDetailViewController.swift in Sources */ = {isa = PBXBuildFile; fileRef = E0F11068237E3D8A00B822BB /* AddEmployeeDetailViewController.swift */; };
		E0F11074237E3D8B00B822BB /* AddNewBillViewController.swift in Sources */ = {isa = PBXBuildFile; fileRef = E0F11069237E3D8A00B822BB /* AddNewBillViewController.swift */; };
		E0F11075237E3D8B00B822BB /* Singleton.swift in Sources */ = {isa = PBXBuildFile; fileRef = E0F1106A237E3D8A00B822BB /* Singleton.swift */; };
		E0F11077237E3D8B00B822BB /* CustomerListViewController.swift in Sources */ = {isa = PBXBuildFile; fileRef = E0F1106C237E3D8A00B822BB /* CustomerListViewController.swift */; };
		E0F11079237E3D8B00B822BB /* ShowCustomerDetailsViewController.swift in Sources */ = {isa = PBXBuildFile; fileRef = E0F1106E237E3D8B00B822BB /* ShowCustomerDetailsViewController.swift */; };
		E0F11087237F308B00B822BB /* MenuViewController.swift in Sources */ = {isa = PBXBuildFile; fileRef = E0F11086237F308B00B822BB /* MenuViewController.swift */; };
		E0F1109C237F60A400B822BB /* FixedBasedPartTime.swift in Sources */ = {isa = PBXBuildFile; fileRef = E0F11096237F60A400B822BB /* FixedBasedPartTime.swift */; };
		E0F1109D237F60A400B822BB /* CommissionBasedPartTime.swift in Sources */ = {isa = PBXBuildFile; fileRef = E0F11097237F60A400B822BB /* CommissionBasedPartTime.swift */; };
		E0F1109E237F60A400B822BB /* FullTime.swift in Sources */ = {isa = PBXBuildFile; fileRef = E0F11098237F60A400B822BB /* FullTime.swift */; };
		E0F1109F237F60A400B822BB /* Employee.swift in Sources */ = {isa = PBXBuildFile; fileRef = E0F11099237F60A400B822BB /* Employee.swift */; };
		E0F110A0237F60A400B822BB /* Intern.swift in Sources */ = {isa = PBXBuildFile; fileRef = E0F1109A237F60A400B822BB /* Intern.swift */; };
		E0F110A1237F60A400B822BB /* PartTime.swift in Sources */ = {isa = PBXBuildFile; fileRef = E0F1109B237F60A400B822BB /* PartTime.swift */; };
		E0F110A6237F60C100B822BB /* Vehicle.swift in Sources */ = {isa = PBXBuildFile; fileRef = E0F110A3237F60C100B822BB /* Vehicle.swift */; };
		E0F110A7237F60C100B822BB /* Car.swift in Sources */ = {isa = PBXBuildFile; fileRef = E0F110A4237F60C100B822BB /* Car.swift */; };
		E0F110A8237F60C100B822BB /* Motorcycle.swift in Sources */ = {isa = PBXBuildFile; fileRef = E0F110A5237F60C100B822BB /* Motorcycle.swift */; };
		E0F110B0237F60FA00B822BB /* Extention.swift in Sources */ = {isa = PBXBuildFile; fileRef = E0F110AA237F60FA00B822BB /* Extention.swift */; };
		E0F110B4237F60FA00B822BB /* IPrintable.swift in Sources */ = {isa = PBXBuildFile; fileRef = E0F110AF237F60FA00B822BB /* IPrintable.swift */; };
/* End PBXBuildFile section */

/* Begin PBXFileReference section */
		E07F1BA1237DFEC900F07330 /* Group1_F2019_MAD115_FP.app */ = {isa = PBXFileReference; explicitFileType = wrapper.application; includeInIndex = 0; path = Group1_F2019_MAD115_FP.app; sourceTree = BUILT_PRODUCTS_DIR; };
		E07F1BA4237DFEC900F07330 /* AppDelegate.swift */ = {isa = PBXFileReference; lastKnownFileType = sourcecode.swift; path = AppDelegate.swift; sourceTree = "<group>"; };
		E07F1BA6237DFEC900F07330 /* SceneDelegate.swift */ = {isa = PBXFileReference; lastKnownFileType = sourcecode.swift; path = SceneDelegate.swift; sourceTree = "<group>"; };
		E07F1BAB237DFEC900F07330 /* Base */ = {isa = PBXFileReference; lastKnownFileType = file.storyboard; name = Base; path = Base.lproj/Main.storyboard; sourceTree = "<group>"; };
		E07F1BAD237DFECC00F07330 /* Assets.xcassets */ = {isa = PBXFileReference; lastKnownFileType = folder.assetcatalog; path = Assets.xcassets; sourceTree = "<group>"; };
		E07F1BB0237DFECC00F07330 /* Base */ = {isa = PBXFileReference; lastKnownFileType = file.storyboard; name = Base; path = Base.lproj/LaunchScreen.storyboard; sourceTree = "<group>"; };
		E07F1BB2237DFECC00F07330 /* Info.plist */ = {isa = PBXFileReference; lastKnownFileType = text.plist.xml; path = Info.plist; sourceTree = "<group>"; };
		E08B72A12380CA6800C78634 /* ContactUsViewController.swift */ = {isa = PBXFileReference; lastKnownFileType = sourcecode.swift; path = ContactUsViewController.swift; sourceTree = "<group>"; };
		E08B72A32380CA9400C78634 /* AboutUsViewController.swift */ = {isa = PBXFileReference; lastKnownFileType = sourcecode.swift; path = AboutUsViewController.swift; sourceTree = "<group>"; };
		E08B72A52380D0F900C78634 /* aboutUs.html */ = {isa = PBXFileReference; lastKnownFileType = text.html; path = aboutUs.html; sourceTree = "<group>"; };
		E08B72A92380E44900C78634 /* Extension_Date.swift */ = {isa = PBXFileReference; lastKnownFileType = sourcecode.swift; path = Extension_Date.swift; sourceTree = "<group>"; };
		E0F11065237E3D5400B822BB /* LoginViewController.swift */ = {isa = PBXFileReference; fileEncoding = 4; lastKnownFileType = sourcecode.swift; path = LoginViewController.swift; sourceTree = "<group>"; };
		E0F11067237E3D8A00B822BB /* Users.plist */ = {isa = PBXFileReference; fileEncoding = 4; lastKnownFileType = text.plist.xml; path = Users.plist; sourceTree = "<group>"; };
		E0F11068237E3D8A00B822BB /* AddEmployeeDetailViewController.swift */ = {isa = PBXFileReference; fileEncoding = 4; lastKnownFileType = sourcecode.swift; path = AddEmployeeDetailViewController.swift; sourceTree = "<group>"; };
		E0F11069237E3D8A00B822BB /* AddNewBillViewController.swift */ = {isa = PBXFileReference; fileEncoding = 4; lastKnownFileType = sourcecode.swift; path = AddNewBillViewController.swift; sourceTree = "<group>"; };
		E0F1106A237E3D8A00B822BB /* Singleton.swift */ = {isa = PBXFileReference; fileEncoding = 4; lastKnownFileType = sourcecode.swift; path = Singleton.swift; sourceTree = "<group>"; };
		E0F1106C237E3D8A00B822BB /* CustomerListViewController.swift */ = {isa = PBXFileReference; fileEncoding = 4; lastKnownFileType = sourcecode.swift; path = CustomerListViewController.swift; sourceTree = "<group>"; };
		E0F1106E237E3D8B00B822BB /* ShowCustomerDetailsViewController.swift */ = {isa = PBXFileReference; fileEncoding = 4; lastKnownFileType = sourcecode.swift; path = ShowCustomerDetailsViewController.swift; sourceTree = "<group>"; };
		E0F11086237F308B00B822BB /* MenuViewController.swift */ = {isa = PBXFileReference; lastKnownFileType = sourcecode.swift; path = MenuViewController.swift; sourceTree = "<group>"; };
		E0F11096237F60A400B822BB /* FixedBasedPartTime.swift */ = {isa = PBXFileReference; fileEncoding = 4; lastKnownFileType = sourcecode.swift; path = FixedBasedPartTime.swift; sourceTree = "<group>"; };
		E0F11097237F60A400B822BB /* CommissionBasedPartTime.swift */ = {isa = PBXFileReference; fileEncoding = 4; lastKnownFileType = sourcecode.swift; path = CommissionBasedPartTime.swift; sourceTree = "<group>"; };
		E0F11098237F60A400B822BB /* FullTime.swift */ = {isa = PBXFileReference; fileEncoding = 4; lastKnownFileType = sourcecode.swift; path = FullTime.swift; sourceTree = "<group>"; };
		E0F11099237F60A400B822BB /* Employee.swift */ = {isa = PBXFileReference; fileEncoding = 4; lastKnownFileType = sourcecode.swift; path = Employee.swift; sourceTree = "<group>"; };
		E0F1109A237F60A400B822BB /* Intern.swift */ = {isa = PBXFileReference; fileEncoding = 4; lastKnownFileType = sourcecode.swift; path = Intern.swift; sourceTree = "<group>"; };
		E0F1109B237F60A400B822BB /* PartTime.swift */ = {isa = PBXFileReference; fileEncoding = 4; lastKnownFileType = sourcecode.swift; path = PartTime.swift; sourceTree = "<group>"; };
		E0F110A3237F60C100B822BB /* Vehicle.swift */ = {isa = PBXFileReference; fileEncoding = 4; lastKnownFileType = sourcecode.swift; path = Vehicle.swift; sourceTree = "<group>"; };
		E0F110A4237F60C100B822BB /* Car.swift */ = {isa = PBXFileReference; fileEncoding = 4; lastKnownFileType = sourcecode.swift; path = Car.swift; sourceTree = "<group>"; };
		E0F110A5237F60C100B822BB /* Motorcycle.swift */ = {isa = PBXFileReference; fileEncoding = 4; lastKnownFileType = sourcecode.swift; path = Motorcycle.swift; sourceTree = "<group>"; };
		E0F110AA237F60FA00B822BB /* Extention.swift */ = {isa = PBXFileReference; fileEncoding = 4; lastKnownFileType = sourcecode.swift; path = Extention.swift; sourceTree = "<group>"; };
		E0F110AF237F60FA00B822BB /* IPrintable.swift */ = {isa = PBXFileReference; fileEncoding = 4; lastKnownFileType = sourcecode.swift; path = IPrintable.swift; sourceTree = "<group>"; };
/* End PBXFileReference section */

/* Begin PBXFrameworksBuildPhase section */
		E07F1B9E237DFEC900F07330 /* Frameworks */ = {
			isa = PBXFrameworksBuildPhase;
			buildActionMask = 2147483647;
			files = (
			);
			runOnlyForDeploymentPostprocessing = 0;
		};
/* End PBXFrameworksBuildPhase section */

/* Begin PBXGroup section */
		E07F1B98237DFEC800F07330 = {
			isa = PBXGroup;
			children = (
				E07F1BA3237DFEC900F07330 /* Group1_F2019_MAD115_FP */,
				E07F1BA2237DFEC900F07330 /* Products */,
			);
			sourceTree = "<group>";
		};
		E07F1BA2237DFEC900F07330 /* Products */ = {
			isa = PBXGroup;
			children = (
				E07F1BA1237DFEC900F07330 /* Group1_F2019_MAD115_FP.app */,
			);
			name = Products;
			sourceTree = "<group>";
		};
		E07F1BA3237DFEC900F07330 /* Group1_F2019_MAD115_FP */ = {
			isa = PBXGroup;
			children = (
				E0F110AF237F60FA00B822BB /* IPrintable.swift */,
				E0F110A9237F60FA00B822BB /* Extensions */,
				E0F110A2237F60C100B822BB /* Vehicles */,
				E0F11095237F60A400B822BB /* Employee */,
				E07F1BA6237DFEC900F07330 /* SceneDelegate.swift */,
				E07F1BA4237DFEC900F07330 /* AppDelegate.swift */,
				E0F11065237E3D5400B822BB /* LoginViewController.swift */,
				E07F1BAA237DFEC900F07330 /* Main.storyboard */,
				E0F11086237F308B00B822BB /* MenuViewController.swift */,
				E0F11068237E3D8A00B822BB /* AddEmployeeDetailViewController.swift */,
				E0F11069237E3D8A00B822BB /* AddNewBillViewController.swift */,
				E0F1106C237E3D8A00B822BB /* CustomerListViewController.swift */,
				E0F1106E237E3D8B00B822BB /* ShowCustomerDetailsViewController.swift */,
				E0F1106A237E3D8A00B822BB /* Singleton.swift */,
				E0F11067237E3D8A00B822BB /* Users.plist */,
				E07F1BAD237DFECC00F07330 /* Assets.xcassets */,
				E07F1BAF237DFECC00F07330 /* LaunchScreen.storyboard */,
				E07F1BB2237DFECC00F07330 /* Info.plist */,
				E08B72A12380CA6800C78634 /* ContactUsViewController.swift */,
				E08B72A32380CA9400C78634 /* AboutUsViewController.swift */,
				E08B72A52380D0F900C78634 /* aboutUs.html */,
			);
			path = Group1_F2019_MAD115_FP;
			sourceTree = "<group>";
		};
		E0F11095237F60A400B822BB /* Employee */ = {
			isa = PBXGroup;
			children = (
				E0F11096237F60A400B822BB /* FixedBasedPartTime.swift */,
				E0F11097237F60A400B822BB /* CommissionBasedPartTime.swift */,
				E0F11098237F60A400B822BB /* FullTime.swift */,
				E0F11099237F60A400B822BB /* Employee.swift */,
				E0F1109A237F60A400B822BB /* Intern.swift */,
				E0F1109B237F60A400B822BB /* PartTime.swift */,
			);
			path = Employee;
			sourceTree = "<group>";
		};
		E0F110A2237F60C100B822BB /* Vehicles */ = {
			isa = PBXGroup;
			children = (
				E0F110A3237F60C100B822BB /* Vehicle.swift */,
				E0F110A4237F60C100B822BB /* Car.swift */,
				E0F110A5237F60C100B822BB /* Motorcycle.swift */,
			);
			path = Vehicles;
			sourceTree = "<group>";
		};
		E0F110A9237F60FA00B822BB /* Extensions */ = {
			isa = PBXGroup;
			children = (
				E0F110AA237F60FA00B822BB /* Extention.swift */,
				E08B72A92380E44900C78634 /* Extension_Date.swift */,
			);
			name = Extensions;
			path = Vehicles/Extensions;
			sourceTree = "<group>";
		};
/* End PBXGroup section */

/* Begin PBXNativeTarget section */
		E07F1BA0237DFEC900F07330 /* Group1_F2019_MAD115_FP */ = {
			isa = PBXNativeTarget;
			buildConfigurationList = E07F1BB5237DFECC00F07330 /* Build configuration list for PBXNativeTarget "Group1_F2019_MAD115_FP" */;
			buildPhases = (
				E07F1B9D237DFEC900F07330 /* Sources */,
				E07F1B9E237DFEC900F07330 /* Frameworks */,
				E07F1B9F237DFEC900F07330 /* Resources */,
			);
			buildRules = (
			);
			dependencies = (
			);
			name = Group1_F2019_MAD115_FP;
			productName = Group1_F2019_MAD115_FP;
			productReference = E07F1BA1237DFEC900F07330 /* Group1_F2019_MAD115_FP.app */;
			productType = "com.apple.product-type.application";
		};
/* End PBXNativeTarget section */

/* Begin PBXProject section */
		E07F1B99237DFEC800F07330 /* Project object */ = {
			isa = PBXProject;
			attributes = {
				LastSwiftUpdateCheck = 1120;
				LastUpgradeCheck = 1120;
				ORGANIZATIONNAME = "Ankita Jain";
				TargetAttributes = {
					E07F1BA0237DFEC900F07330 = {
						CreatedOnToolsVersion = 11.2;
					};
				};
			};
			buildConfigurationList = E07F1B9C237DFEC800F07330 /* Build configuration list for PBXProject "Group1_F2019_MAD115_FP" */;
			compatibilityVersion = "Xcode 9.3";
			developmentRegion = en;
			hasScannedForEncodings = 0;
			knownRegions = (
				en,
				Base,
			);
			mainGroup = E07F1B98237DFEC800F07330;
			productRefGroup = E07F1BA2237DFEC900F07330 /* Products */;
			projectDirPath = "";
			projectRoot = "";
			targets = (
				E07F1BA0237DFEC900F07330 /* Group1_F2019_MAD115_FP */,
			);
		};
/* End PBXProject section */

/* Begin PBXResourcesBuildPhase section */
		E07F1B9F237DFEC900F07330 /* Resources */ = {
			isa = PBXResourcesBuildPhase;
			buildActionMask = 2147483647;
			files = (
				E07F1BB1237DFECC00F07330 /* LaunchScreen.storyboard in Resources */,
				E07F1BAE237DFECC00F07330 /* Assets.xcassets in Resources */,
				E07F1BAC237DFEC900F07330 /* Main.storyboard in Resources */,
				E0F11072237E3D8B00B822BB /* Users.plist in Resources */,
				E08B72A62380D0F900C78634 /* aboutUs.html in Resources */,
			);
			runOnlyForDeploymentPostprocessing = 0;
		};
/* End PBXResourcesBuildPhase section */

/* Begin PBXSourcesBuildPhase section */
		E07F1B9D237DFEC900F07330 /* Sources */ = {
			isa = PBXSourcesBuildPhase;
			buildActionMask = 2147483647;
			files = (
				E0F110A6237F60C100B822BB /* Vehicle.swift in Sources */,
				E0F11077237E3D8B00B822BB /* CustomerListViewController.swift in Sources */,
				E08B72A22380CA6800C78634 /* ContactUsViewController.swift in Sources */,
				E0F11066237E3D5400B822BB /* LoginViewController.swift in Sources */,
				E0F110A0237F60A400B822BB /* Intern.swift in Sources */,
				E0F11075237E3D8B00B822BB /* Singleton.swift in Sources */,
				E0F11073237E3D8B00B822BB /* AddEmployeeDetailViewController.swift in Sources */,
				E07F1BA5237DFEC900F07330 /* AppDelegate.swift in Sources */,
				E0F110B0237F60FA00B822BB /* Extention.swift in Sources */,
				E0F11087237F308B00B822BB /* MenuViewController.swift in Sources */,
				E0F110A7237F60C100B822BB /* Car.swift in Sources */,
				E0F110A1237F60A400B822BB /* PartTime.swift in Sources */,
				E08B72AA2380E44900C78634 /* Extension_Date.swift in Sources */,
				E0F1109C237F60A400B822BB /* FixedBasedPartTime.swift in Sources */,
				E0F1109D237F60A400B822BB /* CommissionBasedPartTime.swift in Sources */,
				E0F1109F237F60A400B822BB /* Employee.swift in Sources */,
				E0F110A8237F60C100B822BB /* Motorcycle.swift in Sources */,
				E0F1109E237F60A400B822BB /* FullTime.swift in Sources */,
				E0F110B4237F60FA00B822BB /* IPrintable.swift in Sources */,
				E0F11074237E3D8B00B822BB /* AddNewBillViewController.swift in Sources */,
				E0F11079237E3D8B00B822BB /* ShowCustomerDetailsViewController.swift in Sources */,
				E08B72A42380CA9400C78634 /* AboutUsViewController.swift in Sources */,
				E07F1BA7237DFEC900F07330 /* SceneDelegate.swift in Sources */,
			);
			runOnlyForDeploymentPostprocessing = 0;
		};
/* End PBXSourcesBuildPhase section */

/* Begin PBXVariantGroup section */
		E07F1BAA237DFEC900F07330 /* Main.storyboard */ = {
			isa = PBXVariantGroup;
			children = (
				E07F1BAB237DFEC900F07330 /* Base */,
			);
			name = Main.storyboard;
			sourceTree = "<group>";
		};
		E07F1BAF237DFECC00F07330 /* LaunchScreen.storyboard */ = {
			isa = PBXVariantGroup;
			children = (
				E07F1BB0237DFECC00F07330 /* Base */,
			);
			name = LaunchScreen.storyboard;
			sourceTree = "<group>";
		};
/* End PBXVariantGroup section */

/* Begin XCBuildConfiguration section */
		E07F1BB3237DFECC00F07330 /* Debug */ = {
			isa = XCBuildConfiguration;
			buildSettings = {
				ALWAYS_SEARCH_USER_PATHS = NO;
				CLANG_ANALYZER_NONNULL = YES;
				CLANG_ANALYZER_NUMBER_OBJECT_CONVERSION = YES_AGGRESSIVE;
				CLANG_CXX_LANGUAGE_STANDARD = "gnu++14";
				CLANG_CXX_LIBRARY = "libc++";
				CLANG_ENABLE_MODULES = YES;
				CLANG_ENABLE_OBJC_ARC = YES;
				CLANG_ENABLE_OBJC_WEAK = YES;
				CLANG_WARN_BLOCK_CAPTURE_AUTORELEASING = YES;
				CLANG_WARN_BOOL_CONVERSION = YES;
				CLANG_WARN_COMMA = YES;
				CLANG_WARN_CONSTANT_CONVERSION = YES;
				CLANG_WARN_DEPRECATED_OBJC_IMPLEMENTATIONS = YES;
				CLANG_WARN_DIRECT_OBJC_ISA_USAGE = YES_ERROR;
				CLANG_WARN_DOCUMENTATION_COMMENTS = YES;
				CLANG_WARN_EMPTY_BODY = YES;
				CLANG_WARN_ENUM_CONVERSION = YES;
				CLANG_WARN_INFINITE_RECURSION = YES;
				CLANG_WARN_INT_CONVERSION = YES;
				CLANG_WARN_NON_LITERAL_NULL_CONVERSION = YES;
				CLANG_WARN_OBJC_IMPLICIT_RETAIN_SELF = YES;
				CLANG_WARN_OBJC_LITERAL_CONVERSION = YES;
				CLANG_WARN_OBJC_ROOT_CLASS = YES_ERROR;
				CLANG_WARN_RANGE_LOOP_ANALYSIS = YES;
				CLANG_WARN_STRICT_PROTOTYPES = YES;
				CLANG_WARN_SUSPICIOUS_MOVE = YES;
				CLANG_WARN_UNGUARDED_AVAILABILITY = YES_AGGRESSIVE;
				CLANG_WARN_UNREACHABLE_CODE = YES;
				CLANG_WARN__DUPLICATE_METHOD_MATCH = YES;
				COPY_PHASE_STRIP = NO;
				DEBUG_INFORMATION_FORMAT = dwarf;
				ENABLE_STRICT_OBJC_MSGSEND = YES;
				ENABLE_TESTABILITY = YES;
				GCC_C_LANGUAGE_STANDARD = gnu11;
				GCC_DYNAMIC_NO_PIC = NO;
				GCC_NO_COMMON_BLOCKS = YES;
				GCC_OPTIMIZATION_LEVEL = 0;
				GCC_PREPROCESSOR_DEFINITIONS = (
					"DEBUG=1",
					"$(inherited)",
				);
				GCC_WARN_64_TO_32_BIT_CONVERSION = YES;
				GCC_WARN_ABOUT_RETURN_TYPE = YES_ERROR;
				GCC_WARN_UNDECLARED_SELECTOR = YES;
				GCC_WARN_UNINITIALIZED_AUTOS = YES_AGGRESSIVE;
				GCC_WARN_UNUSED_FUNCTION = YES;
				GCC_WARN_UNUSED_VARIABLE = YES;
				IPHONEOS_DEPLOYMENT_TARGET = 13.2;
				MTL_ENABLE_DEBUG_INFO = INCLUDE_SOURCE;
				MTL_FAST_MATH = YES;
				ONLY_ACTIVE_ARCH = YES;
				SDKROOT = iphoneos;
				SWIFT_ACTIVE_COMPILATION_CONDITIONS = DEBUG;
				SWIFT_OPTIMIZATION_LEVEL = "-Onone";
			};
			name = Debug;
		};
		E07F1BB4237DFECC00F07330 /* Release */ = {
			isa = XCBuildConfiguration;
			buildSettings = {
				ALWAYS_SEARCH_USER_PATHS = NO;
				CLANG_ANALYZER_NONNULL = YES;
				CLANG_ANALYZER_NUMBER_OBJECT_CONVERSION = YES_AGGRESSIVE;
				CLANG_CXX_LANGUAGE_STANDARD = "gnu++14";
				CLANG_CXX_LIBRARY = "libc++";
				CLANG_ENABLE_MODULES = YES;
				CLANG_ENABLE_OBJC_ARC = YES;
				CLANG_ENABLE_OBJC_WEAK = YES;
				CLANG_WARN_BLOCK_CAPTURE_AUTORELEASING = YES;
				CLANG_WARN_BOOL_CONVERSION = YES;
				CLANG_WARN_COMMA = YES;
				CLANG_WARN_CONSTANT_CONVERSION = YES;
				CLANG_WARN_DEPRECATED_OBJC_IMPLEMENTATIONS = YES;
				CLANG_WARN_DIRECT_OBJC_ISA_USAGE = YES_ERROR;
				CLANG_WARN_DOCUMENTATION_COMMENTS = YES;
				CLANG_WARN_EMPTY_BODY = YES;
				CLANG_WARN_ENUM_CONVERSION = YES;
				CLANG_WARN_INFINITE_RECURSION = YES;
				CLANG_WARN_INT_CONVERSION = YES;
				CLANG_WARN_NON_LITERAL_NULL_CONVERSION = YES;
				CLANG_WARN_OBJC_IMPLICIT_RETAIN_SELF = YES;
				CLANG_WARN_OBJC_LITERAL_CONVERSION = YES;
				CLANG_WARN_OBJC_ROOT_CLASS = YES_ERROR;
				CLANG_WARN_RANGE_LOOP_ANALYSIS = YES;
				CLANG_WARN_STRICT_PROTOTYPES = YES;
				CLANG_WARN_SUSPICIOUS_MOVE = YES;
				CLANG_WARN_UNGUARDED_AVAILABILITY = YES_AGGRESSIVE;
				CLANG_WARN_UNREACHABLE_CODE = YES;
				CLANG_WARN__DUPLICATE_METHOD_MATCH = YES;
				COPY_PHASE_STRIP = NO;
				DEBUG_INFORMATION_FORMAT = "dwarf-with-dsym";
				ENABLE_NS_ASSERTIONS = NO;
				ENABLE_STRICT_OBJC_MSGSEND = YES;
				GCC_C_LANGUAGE_STANDARD = gnu11;
				GCC_NO_COMMON_BLOCKS = YES;
				GCC_WARN_64_TO_32_BIT_CONVERSION = YES;
				GCC_WARN_ABOUT_RETURN_TYPE = YES_ERROR;
				GCC_WARN_UNDECLARED_SELECTOR = YES;
				GCC_WARN_UNINITIALIZED_AUTOS = YES_AGGRESSIVE;
				GCC_WARN_UNUSED_FUNCTION = YES;
				GCC_WARN_UNUSED_VARIABLE = YES;
				IPHONEOS_DEPLOYMENT_TARGET = 13.2;
				MTL_ENABLE_DEBUG_INFO = NO;
				MTL_FAST_MATH = YES;
				SDKROOT = iphoneos;
				SWIFT_COMPILATION_MODE = wholemodule;
				SWIFT_OPTIMIZATION_LEVEL = "-O";
				VALIDATE_PRODUCT = YES;
			};
			name = Release;
		};
		E07F1BB6237DFECC00F07330 /* Debug */ = {
			isa = XCBuildConfiguration;
			buildSettings = {
				ASSETCATALOG_COMPILER_APPICON_NAME = AppIcon;
				CODE_SIGN_STYLE = Automatic;
				INFOPLIST_FILE = Group1_F2019_MAD115_FP/Info.plist;
				IPHONEOS_DEPLOYMENT_TARGET = 13.0;
				LD_RUNPATH_SEARCH_PATHS = (
					"$(inherited)",
					"@executable_path/Frameworks",
				);
				PRODUCT_BUNDLE_IDENTIFIER = "com.ankita.Group1-F2019-MAD115-FP";
				PRODUCT_NAME = "$(TARGET_NAME)";
				SWIFT_VERSION = 5.0;
				TARGETED_DEVICE_FAMILY = "1,2";
			};
			name = Debug;
		};
		E07F1BB7237DFECC00F07330 /* Release */ = {
			isa = XCBuildConfiguration;
			buildSettings = {
				ASSETCATALOG_COMPILER_APPICON_NAME = AppIcon;
				CODE_SIGN_STYLE = Automatic;
				INFOPLIST_FILE = Group1_F2019_MAD115_FP/Info.plist;
				IPHONEOS_DEPLOYMENT_TARGET = 13.0;
				LD_RUNPATH_SEARCH_PATHS = (
					"$(inherited)",
					"@executable_path/Frameworks",
				);
				PRODUCT_BUNDLE_IDENTIFIER = "com.ankita.Group1-F2019-MAD115-FP";
				PRODUCT_NAME = "$(TARGET_NAME)";
				SWIFT_VERSION = 5.0;
				TARGETED_DEVICE_FAMILY = "1,2";
			};
			name = Release;
		};
/* End XCBuildConfiguration section */

/* Begin XCConfigurationList section */
		E07F1B9C237DFEC800F07330 /* Build configuration list for PBXProject "Group1_F2019_MAD115_FP" */ = {
			isa = XCConfigurationList;
			buildConfigurations = (
				E07F1BB3237DFECC00F07330 /* Debug */,
				E07F1BB4237DFECC00F07330 /* Release */,
			);
			defaultConfigurationIsVisible = 0;
			defaultConfigurationName = Release;
		};
		E07F1BB5237DFECC00F07330 /* Build configuration list for PBXNativeTarget "Group1_F2019_MAD115_FP" */ = {
			isa = XCConfigurationList;
			buildConfigurations = (
				E07F1BB6237DFECC00F07330 /* Debug */,
				E07F1BB7237DFECC00F07330 /* Release */,
			);
			defaultConfigurationIsVisible = 0;
			defaultConfigurationName = Release;
		};
/* End XCConfigurationList section */
	};
	rootObject = E07F1B99237DFEC800F07330 /* Project object */;
}
